
Microsoft Visual Studio Solution File, Format Version 12.00
# Visual Studio 14
VisualStudioVersion = 14.0.24720.0
MinimumVisualStudioVersion = 10.0.40219.1
Project("{FAE04EC0-301F-11D3-BF4B-00C04F79EFBC}") = "TeamBuilding", "TeamBuilding\TeamBuilding.csproj", "{2C50CFA7-72BD-48EC-9B90-A1925166DBBF}"
EndProject
Global
	GlobalSection(SolutionConfigurationPlatforms) = preSolution
		Debug|Any CPU = Debug|Any CPU
		Release|Any CPU = Release|Any CPU
	EndGlobalSection
	GlobalSection(ProjectConfigurationPlatforms) = postSolution
		{2C50CFA7-72BD-48EC-9B90-A1925166DBBF}.Debug|Any CPU.ActiveCfg = Debug|Any CPU
		{2C50CFA7-72BD-48EC-9B90-A1925166DBBF}.Debug|Any CPU.Build.0 = Debug|Any CPU
		{2C50CFA7-72BD-48EC-9B90-A1925166DBBF}.Release|Any CPU.ActiveCfg = Release|Any CPU
		{2C50CFA7-72BD-48EC-9B90-A1925166DBBF}.Release|Any CPU.Build.0 = Release|Any CPU
	EndGlobalSection
	GlobalSection(SolutionProperties) = preSolution
		HideSolutionNode = FALSE
	EndGlobalSection
EndGlobal
