
Microsoft Visual Studio Solution File, Format Version 12.00
# Visual Studio 14
VisualStudioVersion = 14.0.25420.1
MinimumVisualStudioVersion = 10.0.40219.1
Project("{FAE04EC0-301F-11D3-BF4B-00C04F79EFBC}") = "Test2", "Test2\Test2.csproj", "{A8F32A3D-6161-4621-A2D5-26490504A35F}"
EndProject
Global
	GlobalSection(SolutionConfigurationPlatforms) = preSolution
		Debug|Any CPU = Debug|Any CPU
		Release|Any CPU = Release|Any CPU
	EndGlobalSection
	GlobalSection(ProjectConfigurationPlatforms) = postSolution
		{A8F32A3D-6161-4621-A2D5-26490504A35F}.Debug|Any CPU.ActiveCfg = Debug|Any CPU
		{A8F32A3D-6161-4621-A2D5-26490504A35F}.Debug|Any CPU.Build.0 = Debug|Any CPU
		{A8F32A3D-6161-4621-A2D5-26490504A35F}.Release|Any CPU.ActiveCfg = Release|Any CPU
		{A8F32A3D-6161-4621-A2D5-26490504A35F}.Release|Any CPU.Build.0 = Release|Any CPU
	EndGlobalSection
	GlobalSection(SolutionProperties) = preSolution
		HideSolutionNode = FALSE
	EndGlobalSection
EndGlobal
